
Microsoft Visual Studio Solution File, Format Version 12.00
# Visual Studio Version 17
VisualStudioVersion = 17.14.36327.8
MinimumVisualStudioVersion = 10.0.40219.1
Project("{FAE04EC0-301F-11D3-BF4B-00C04F79EFBC}") = "WebAPI", "WebAPI\WebAPI.csproj", "{1C9D06DF-7067-4E41-AEAE-CE54BD2AB2F1}"
EndProject
Project("{FAE04EC0-301F-11D3-BF4B-00C04F79EFBC}") = "WebUI", "WebUI\WebUI.csproj", "{163CE936-01ED-4529-BEEA-867911905BCC}"
EndProject
Global
	GlobalSection(SolutionConfigurationPlatforms) = preSolution
		Debug|Any CPU = Debug|Any CPU
		Release|Any CPU = Release|Any CPU
	EndGlobalSection
	GlobalSection(ProjectConfigurationPlatforms) = postSolution
		{1C9D06DF-7067-4E41-AEAE-CE54BD2AB2F1}.Debug|Any CPU.ActiveCfg = Debug|Any CPU
		{1C9D06DF-7067-4E41-AEAE-CE54BD2AB2F1}.Debug|Any CPU.Build.0 = Debug|Any CPU
		{1C9D06DF-7067-4E41-AEAE-CE54BD2AB2F1}.Release|Any CPU.ActiveCfg = Release|Any CPU
		{1C9D06DF-7067-4E41-AEAE-CE54BD2AB2F1}.Release|Any CPU.Build.0 = Release|Any CPU
		{163CE936-01ED-4529-BEEA-867911905BCC}.Debug|Any CPU.ActiveCfg = Debug|Any CPU
		{163CE936-01ED-4529-BEEA-867911905BCC}.Debug|Any CPU.Build.0 = Debug|Any CPU
		{163CE936-01ED-4529-BEEA-867911905BCC}.Release|Any CPU.ActiveCfg = Release|Any CPU
		{163CE936-01ED-4529-BEEA-867911905BCC}.Release|Any CPU.Build.0 = Release|Any CPU
	EndGlobalSection
	GlobalSection(SolutionProperties) = preSolution
		HideSolutionNode = FALSE
	EndGlobalSection
	GlobalSection(ExtensibilityGlobals) = postSolution
		SolutionGuid = {98EED7E1-1AD7-4B6E-8386-9A6AFCAF4054}
	EndGlobalSection
EndGlobal
